{
  "version": 4,
  "terraform_version": "1.12.2",
  "serial": 27,
  "lineage": "5b42ed23-ab20-0649-52d8-815581b4a4a3",
  "outputs": {
    "container_fqdn": {
      "value": "pec2api.francecentral.azurecontainer.io",
      "type": "string"
    },
    "swagger_url": {
      "value": "http://pec2api.francecentral.azurecontainer.io:8080/swagger/index.html",
      "type": "string"
    }
  },
  "resources": [
    {
      "mode": "data",
      "type": "azurerm_client_config",
      "name": "current",
      "provider": "provider[\"registry.terraform.io/hashicorp/azurerm\"]",
      "instances": [
        {
          "schema_version": 0,
          "attributes": {
            "client_id": "04b07795-8ddb-461a-bbee-02f9e1bf7b46",
            "id": "Y2xpZW50Q29uZmlncy9jbGllbnRJZD0wNGIwNzc5NS04ZGRiLTQ2MWEtYmJlZS0wMmY5ZTFiZjdiNDY7b2JqZWN0SWQ9Y2YzMmYxN2EtMjZhNS00NjAxLWE2MWQtZTAxZWU0YmNkNzBiO3N1YnNjcmlwdGlvbklkPTc0MTg5YTVhLTk0YzMtNDE5Zi1hMWFjLTZkNjhiZjgwOWQ3Mzt0ZW5hbnRJZD1hNzA4ZDlkNS00ZjAwLTQwMzItOWRhNS1kN2JmZjU3NTc2NDU=",
            "object_id": "cf32f17a-26a5-4601-a61d-e01ee4bcd70b",
            "subscription_id": "74189a5a-94c3-419f-a1ac-6d68bf809d73",
            "tenant_id": "a708d9d5-4f00-4032-9da5-d7bff5757645",
            "timeouts": null
          },
          "sensitive_attributes": [],
          "identity_schema_version": 0
        }
      ]
    },
    {
      "mode": "data",
      "type": "azurerm_key_vault_secret",
      "name": "gin_mode",
      "provider": "provider[\"registry.terraform.io/hashicorp/azurerm\"]",
      "instances": [
        {
          "schema_version": 0,
          "attributes": {
            "content_type": "",
            "expiration_date": null,
            "id": "https://pec2-kv.vault.azure.net/secrets/GIN-MODE/60dcf996c0e64e729141aac77298f18a",
            "key_vault_id": "/subscriptions/74189a5a-94c3-419f-a1ac-6d68bf809d73/resourceGroups/MonGroupeRessources/providers/Microsoft.KeyVault/vaults/pec2-kv",
            "name": "GIN-MODE",
            "not_before_date": null,
            "resource_id": "/subscriptions/74189a5a-94c3-419f-a1ac-6d68bf809d73/resourceGroups/MonGroupeRessources/providers/Microsoft.KeyVault/vaults/pec2-kv/secrets/GIN-MODE/versions/60dcf996c0e64e729141aac77298f18a",
            "resource_versionless_id": "/subscriptions/74189a5a-94c3-419f-a1ac-6d68bf809d73/resourceGroups/MonGroupeRessources/providers/Microsoft.KeyVault/vaults/pec2-kv/secrets/GIN-MODE",
            "tags": {
              "file-encoding": "utf-8"
            },
            "timeouts": null,
            "value": "debug",
            "version": "60dcf996c0e64e729141aac77298f18a",
            "versionless_id": "https://pec2-kv.vault.azure.net/secrets/GIN-MODE"
          },
          "sensitive_attributes": [
            [
              {
                "type": "get_attr",
                "value": "value"
              }
            ]
          ],
          "identity_schema_version": 0
        }
      ]
    },
    {
      "mode": "data",
      "type": "azurerm_key_vault_secret",
      "name": "jwt_secret",
      "provider": "provider[\"registry.terraform.io/hashicorp/azurerm\"]",
      "instances": [
        {
          "schema_version": 0,
          "attributes": {
            "content_type": "",
            "expiration_date": null,
            "id": "https://pec2-kv.vault.azure.net/secrets/JWT-SECRET/8932d17a858b49b095af36bfea0ff5ff",
            "key_vault_id": "/subscriptions/74189a5a-94c3-419f-a1ac-6d68bf809d73/resourceGroups/MonGroupeRessources/providers/Microsoft.KeyVault/vaults/pec2-kv",
            "name": "JWT-SECRET",
            "not_before_date": null,
            "resource_id": "/subscriptions/74189a5a-94c3-419f-a1ac-6d68bf809d73/resourceGroups/MonGroupeRessources/providers/Microsoft.KeyVault/vaults/pec2-kv/secrets/JWT-SECRET/versions/8932d17a858b49b095af36bfea0ff5ff",
            "resource_versionless_id": "/subscriptions/74189a5a-94c3-419f-a1ac-6d68bf809d73/resourceGroups/MonGroupeRessources/providers/Microsoft.KeyVault/vaults/pec2-kv/secrets/JWT-SECRET",
            "tags": {
              "file-encoding": "utf-8"
            },
            "timeouts": null,
            "value": "hf19hbGDJ2G0/Hdj+AnIYYPpYDhI9d21zEm+YDFSkP0",
            "version": "8932d17a858b49b095af36bfea0ff5ff",
            "versionless_id": "https://pec2-kv.vault.azure.net/secrets/JWT-SECRET"
          },
          "sensitive_attributes": [
            [
              {
                "type": "get_attr",
                "value": "value"
              }
            ]
          ],
          "identity_schema_version": 0
        }
      ]
    },
    {
      "mode": "data",
      "type": "azurerm_key_vault_secret",
      "name": "pgdatabase",
      "provider": "provider[\"registry.terraform.io/hashicorp/azurerm\"]",
      "instances": [
        {
          "schema_version": 0,
          "attributes": {
            "content_type": "",
            "expiration_date": null,
            "id": "https://pec2-kv.vault.azure.net/secrets/PGDATABASE/c59a709636bb468fba1a8fed32f0eb87",
            "key_vault_id": "/subscriptions/74189a5a-94c3-419f-a1ac-6d68bf809d73/resourceGroups/MonGroupeRessources/providers/Microsoft.KeyVault/vaults/pec2-kv",
            "name": "PGDATABASE",
            "not_before_date": null,
            "resource_id": "/subscriptions/74189a5a-94c3-419f-a1ac-6d68bf809d73/resourceGroups/MonGroupeRessources/providers/Microsoft.KeyVault/vaults/pec2-kv/secrets/PGDATABASE/versions/c59a709636bb468fba1a8fed32f0eb87",
            "resource_versionless_id": "/subscriptions/74189a5a-94c3-419f-a1ac-6d68bf809d73/resourceGroups/MonGroupeRessources/providers/Microsoft.KeyVault/vaults/pec2-kv/secrets/PGDATABASE",
            "tags": {
              "file-encoding": "utf-8"
            },
            "timeouts": null,
            "value": "postgres",
            "version": "c59a709636bb468fba1a8fed32f0eb87",
            "versionless_id": "https://pec2-kv.vault.azure.net/secrets/PGDATABASE"
          },
          "sensitive_attributes": [
            [
              {
                "type": "get_attr",
                "value": "value"
              }
            ]
          ],
          "identity_schema_version": 0
        }
      ]
    },
    {
      "mode": "data",
      "type": "azurerm_key_vault_secret",
      "name": "pghost",
      "provider": "provider[\"registry.terraform.io/hashicorp/azurerm\"]",
      "instances": [
        {
          "schema_version": 0,
          "attributes": {
            "content_type": "",
            "expiration_date": null,
            "id": "https://pec2-kv.vault.azure.net/secrets/PGHOST/6f67f9b4240d4878a79a21190fd4a494",
            "key_vault_id": "/subscriptions/74189a5a-94c3-419f-a1ac-6d68bf809d73/resourceGroups/MonGroupeRessources/providers/Microsoft.KeyVault/vaults/pec2-kv",
            "name": "PGHOST",
            "not_before_date": null,
            "resource_id": "/subscriptions/74189a5a-94c3-419f-a1ac-6d68bf809d73/resourceGroups/MonGroupeRessources/providers/Microsoft.KeyVault/vaults/pec2-kv/secrets/PGHOST/versions/6f67f9b4240d4878a79a21190fd4a494",
            "resource_versionless_id": "/subscriptions/74189a5a-94c3-419f-a1ac-6d68bf809d73/resourceGroups/MonGroupeRessources/providers/Microsoft.KeyVault/vaults/pec2-kv/secrets/PGHOST",
            "tags": {
              "file-encoding": "utf-8"
            },
            "timeouts": null,
            "value": "pec-2.postgres.database.azure.com",
            "version": "6f67f9b4240d4878a79a21190fd4a494",
            "versionless_id": "https://pec2-kv.vault.azure.net/secrets/PGHOST"
          },
          "sensitive_attributes": [
            [
              {
                "type": "get_attr",
                "value": "value"
              }
            ]
          ],
          "identity_schema_version": 0
        }
      ]
    },
    {
      "mode": "data",
      "type": "azurerm_key_vault_secret",
      "name": "pgpassword",
      "provider": "provider[\"registry.terraform.io/hashicorp/azurerm\"]",
      "instances": [
        {
          "schema_version": 0,
          "attributes": {
            "content_type": "",
            "expiration_date": null,
            "id": "https://pec2-kv.vault.azure.net/secrets/PGPASSWORD/7a47ba680a344a56afc26824009a5bdb",
            "key_vault_id": "/subscriptions/74189a5a-94c3-419f-a1ac-6d68bf809d73/resourceGroups/MonGroupeRessources/providers/Microsoft.KeyVault/vaults/pec2-kv",
            "name": "PGPASSWORD",
            "not_before_date": null,
            "resource_id": "/subscriptions/74189a5a-94c3-419f-a1ac-6d68bf809d73/resourceGroups/MonGroupeRessources/providers/Microsoft.KeyVault/vaults/pec2-kv/secrets/PGPASSWORD/versions/7a47ba680a344a56afc26824009a5bdb",
            "resource_versionless_id": "/subscriptions/74189a5a-94c3-419f-a1ac-6d68bf809d73/resourceGroups/MonGroupeRessources/providers/Microsoft.KeyVault/vaults/pec2-kv/secrets/PGPASSWORD",
            "tags": {
              "file-encoding": "utf-8"
            },
            "timeouts": null,
            "value": "PEC!eemi2025",
            "version": "7a47ba680a344a56afc26824009a5bdb",
            "versionless_id": "https://pec2-kv.vault.azure.net/secrets/PGPASSWORD"
          },
          "sensitive_attributes": [
            [
              {
                "type": "get_attr",
                "value": "value"
              }
            ]
          ],
          "identity_schema_version": 0
        }
      ]
    },
    {
      "mode": "data",
      "type": "azurerm_key_vault_secret",
      "name": "pgport",
      "provider": "provider[\"registry.terraform.io/hashicorp/azurerm\"]",
      "instances": [
        {
          "schema_version": 0,
          "attributes": {
            "content_type": "",
            "expiration_date": null,
            "id": "https://pec2-kv.vault.azure.net/secrets/PGPORT/ac04d5f192ef488f828c0d2564fc3198",
            "key_vault_id": "/subscriptions/74189a5a-94c3-419f-a1ac-6d68bf809d73/resourceGroups/MonGroupeRessources/providers/Microsoft.KeyVault/vaults/pec2-kv",
            "name": "PGPORT",
            "not_before_date": null,
            "resource_id": "/subscriptions/74189a5a-94c3-419f-a1ac-6d68bf809d73/resourceGroups/MonGroupeRessources/providers/Microsoft.KeyVault/vaults/pec2-kv/secrets/PGPORT/versions/ac04d5f192ef488f828c0d2564fc3198",
            "resource_versionless_id": "/subscriptions/74189a5a-94c3-419f-a1ac-6d68bf809d73/resourceGroups/MonGroupeRessources/providers/Microsoft.KeyVault/vaults/pec2-kv/secrets/PGPORT",
            "tags": {
              "file-encoding": "utf-8"
            },
            "timeouts": null,
            "value": "5432",
            "version": "ac04d5f192ef488f828c0d2564fc3198",
            "versionless_id": "https://pec2-kv.vault.azure.net/secrets/PGPORT"
          },
          "sensitive_attributes": [
            [
              {
                "type": "get_attr",
                "value": "value"
              }
            ]
          ],
          "identity_schema_version": 0
        }
      ]
    },
    {
      "mode": "data",
      "type": "azurerm_key_vault_secret",
      "name": "pgsslmode",
      "provider": "provider[\"registry.terraform.io/hashicorp/azurerm\"]",
      "instances": [
        {
          "schema_version": 0,
          "attributes": {
            "content_type": "",
            "expiration_date": null,
            "id": "https://pec2-kv.vault.azure.net/secrets/PGSSLMODE/f731399dad35404083b6251ee5b4da6f",
            "key_vault_id": "/subscriptions/74189a5a-94c3-419f-a1ac-6d68bf809d73/resourceGroups/MonGroupeRessources/providers/Microsoft.KeyVault/vaults/pec2-kv",
            "name": "PGSSLMODE",
            "not_before_date": null,
            "resource_id": "/subscriptions/74189a5a-94c3-419f-a1ac-6d68bf809d73/resourceGroups/MonGroupeRessources/providers/Microsoft.KeyVault/vaults/pec2-kv/secrets/PGSSLMODE/versions/f731399dad35404083b6251ee5b4da6f",
            "resource_versionless_id": "/subscriptions/74189a5a-94c3-419f-a1ac-6d68bf809d73/resourceGroups/MonGroupeRessources/providers/Microsoft.KeyVault/vaults/pec2-kv/secrets/PGSSLMODE",
            "tags": {
              "file-encoding": "utf-8"
            },
            "timeouts": null,
            "value": "require",
            "version": "f731399dad35404083b6251ee5b4da6f",
            "versionless_id": "https://pec2-kv.vault.azure.net/secrets/PGSSLMODE"
          },
          "sensitive_attributes": [
            [
              {
                "type": "get_attr",
                "value": "value"
              }
            ]
          ],
          "identity_schema_version": 0
        }
      ]
    },
    {
      "mode": "data",
      "type": "azurerm_key_vault_secret",
      "name": "pguser",
      "provider": "provider[\"registry.terraform.io/hashicorp/azurerm\"]",
      "instances": [
        {
          "schema_version": 0,
          "attributes": {
            "content_type": "",
            "expiration_date": null,
            "id": "https://pec2-kv.vault.azure.net/secrets/PGUSER/0f6306afe73545a181d9a03ba9013473",
            "key_vault_id": "/subscriptions/74189a5a-94c3-419f-a1ac-6d68bf809d73/resourceGroups/MonGroupeRessources/providers/Microsoft.KeyVault/vaults/pec2-kv",
            "name": "PGUSER",
            "not_before_date": null,
            "resource_id": "/subscriptions/74189a5a-94c3-419f-a1ac-6d68bf809d73/resourceGroups/MonGroupeRessources/providers/Microsoft.KeyVault/vaults/pec2-kv/secrets/PGUSER/versions/0f6306afe73545a181d9a03ba9013473",
            "resource_versionless_id": "/subscriptions/74189a5a-94c3-419f-a1ac-6d68bf809d73/resourceGroups/MonGroupeRessources/providers/Microsoft.KeyVault/vaults/pec2-kv/secrets/PGUSER",
            "tags": {
              "file-encoding": "utf-8"
            },
            "timeouts": null,
            "value": "Berki",
            "version": "0f6306afe73545a181d9a03ba9013473",
            "versionless_id": "https://pec2-kv.vault.azure.net/secrets/PGUSER"
          },
          "sensitive_attributes": [
            [
              {
                "type": "get_attr",
                "value": "value"
              }
            ]
          ],
          "identity_schema_version": 0
        }
      ]
    },
    {
      "mode": "data",
      "type": "azurerm_key_vault_secret",
      "name": "port",
      "provider": "provider[\"registry.terraform.io/hashicorp/azurerm\"]",
      "instances": [
        {
          "schema_version": 0,
          "attributes": {
            "content_type": "",
            "expiration_date": null,
            "id": "https://pec2-kv.vault.azure.net/secrets/PORT/221d0cc03f104f5b94d5f4be50422185",
            "key_vault_id": "/subscriptions/74189a5a-94c3-419f-a1ac-6d68bf809d73/resourceGroups/MonGroupeRessources/providers/Microsoft.KeyVault/vaults/pec2-kv",
            "name": "PORT",
            "not_before_date": null,
            "resource_id": "/subscriptions/74189a5a-94c3-419f-a1ac-6d68bf809d73/resourceGroups/MonGroupeRessources/providers/Microsoft.KeyVault/vaults/pec2-kv/secrets/PORT/versions/221d0cc03f104f5b94d5f4be50422185",
            "resource_versionless_id": "/subscriptions/74189a5a-94c3-419f-a1ac-6d68bf809d73/resourceGroups/MonGroupeRessources/providers/Microsoft.KeyVault/vaults/pec2-kv/secrets/PORT",
            "tags": {
              "file-encoding": "utf-8"
            },
            "timeouts": null,
            "value": "8080",
            "version": "221d0cc03f104f5b94d5f4be50422185",
            "versionless_id": "https://pec2-kv.vault.azure.net/secrets/PORT"
          },
          "sensitive_attributes": [
            [
              {
                "type": "get_attr",
                "value": "value"
              }
            ]
          ],
          "identity_schema_version": 0
        }
      ]
    },
    {
      "mode": "managed",
      "type": "azurerm_container_group",
      "name": "app",
      "provider": "provider[\"registry.terraform.io/hashicorp/azurerm\"]",
      "instances": [
        {
          "schema_version": 0,
          "attributes": {
            "container": [
              {
                "commands": [],
                "cpu": 1,
                "cpu_limit": 0,
                "environment_variables": {
                  "GIN_MODE": "debug",
                  "JWT_SECRET": "hf19hbGDJ2G0/Hdj+AnIYYPpYDhI9d21zEm+YDFSkP0",
                  "PGDATABASE": "postgres",
                  "PGHOST": "pec-2.postgres.database.azure.com",
                  "PGPASSWORD": "PEC!eemi2025",
                  "PGPORT": "5432",
                  "PGSSLMODE": "require",
                  "PGUSER": "Berki",
                  "PORT": "8080"
                },
                "gpu": [],
                "gpu_limit": [],
                "image": "khalidaber/thinkshare-backend:v1",
                "liveness_probe": [],
                "memory": 1.5,
                "memory_limit": 0,
                "name": "thinkshare-backend",
                "ports": [
                  {
                    "port": 8080,
                    "protocol": "TCP"
                  }
                ],
                "readiness_probe": [],
                "secure_environment_variables": {},
                "security": [],
                "volume": []
              }
            ],
            "diagnostics": [],
            "dns_config": [],
            "dns_name_label": "pec2api",
            "dns_name_label_reuse_policy": "Unsecure",
            "exposed_port": [
              {
                "port": 8080,
                "protocol": "TCP"
              }
            ],
            "fqdn": "pec2api.francecentral.azurecontainer.io",
            "id": "/subscriptions/74189a5a-94c3-419f-a1ac-6d68bf809d73/resourceGroups/MonGroupeRessources/providers/Microsoft.ContainerInstance/containerGroups/pec2-container",
            "identity": [],
            "image_registry_credential": [],
            "init_container": [],
            "ip_address": "172.189.162.50",
            "ip_address_type": "Public",
            "key_vault_key_id": null,
            "key_vault_user_assigned_identity_id": null,
            "location": "francecentral",
            "name": "pec2-container",
            "network_profile_id": null,
            "os_type": "Linux",
            "priority": "",
            "resource_group_name": "MonGroupeRessources",
            "restart_policy": "Always",
            "sku": "Standard",
            "subnet_ids": [],
            "tags": {},
            "timeouts": null,
            "zones": []
          },
          "sensitive_attributes": [
            [
              {
                "type": "get_attr",
                "value": "container"
              },
              {
                "type": "index",
                "value": {
                  "value": 0,
                  "type": "number"
                }
              },
              {
                "type": "get_attr",
                "value": "environment_variables"
              },
              {
                "type": "index",
                "value": {
                  "value": "GIN_MODE",
                  "type": "string"
                }
              }
            ],
            [
              {
                "type": "get_attr",
                "value": "container"
              },
              {
                "type": "index",
                "value": {
                  "value": 0,
                  "type": "number"
                }
              },
              {
                "type": "get_attr",
                "value": "environment_variables"
              },
              {
                "type": "index",
                "value": {
                  "value": "JWT_SECRET",
                  "type": "string"
                }
              }
            ],
            [
              {
                "type": "get_attr",
                "value": "container"
              },
              {
                "type": "index",
                "value": {
                  "value": 0,
                  "type": "number"
                }
              },
              {
                "type": "get_attr",
                "value": "environment_variables"
              },
              {
                "type": "index",
                "value": {
                  "value": "PGDATABASE",
                  "type": "string"
                }
              }
            ],
            [
              {
                "type": "get_attr",
                "value": "container"
              },
              {
                "type": "index",
                "value": {
                  "value": 0,
                  "type": "number"
                }
              },
              {
                "type": "get_attr",
                "value": "environment_variables"
              },
              {
                "type": "index",
                "value": {
                  "value": "PGHOST",
                  "type": "string"
                }
              }
            ],
            [
              {
                "type": "get_attr",
                "value": "container"
              },
              {
                "type": "index",
                "value": {
                  "value": 0,
                  "type": "number"
                }
              },
              {
                "type": "get_attr",
                "value": "environment_variables"
              },
              {
                "type": "index",
                "value": {
                  "value": "PGPASSWORD",
                  "type": "string"
                }
              }
            ],
            [
              {
                "type": "get_attr",
                "value": "container"
              },
              {
                "type": "index",
                "value": {
                  "value": 0,
                  "type": "number"
                }
              },
              {
                "type": "get_attr",
                "value": "environment_variables"
              },
              {
                "type": "index",
                "value": {
                  "value": "PGPORT",
                  "type": "string"
                }
              }
            ],
            [
              {
                "type": "get_attr",
                "value": "container"
              },
              {
                "type": "index",
                "value": {
                  "value": 0,
                  "type": "number"
                }
              },
              {
                "type": "get_attr",
                "value": "environment_variables"
              },
              {
                "type": "index",
                "value": {
                  "value": "PGSSLMODE",
                  "type": "string"
                }
              }
            ],
            [
              {
                "type": "get_attr",
                "value": "container"
              },
              {
                "type": "index",
                "value": {
                  "value": 0,
                  "type": "number"
                }
              },
              {
                "type": "get_attr",
                "value": "environment_variables"
              },
              {
                "type": "index",
                "value": {
                  "value": "PGUSER",
                  "type": "string"
                }
              }
            ],
            [
              {
                "type": "get_attr",
                "value": "container"
              },
              {
                "type": "index",
                "value": {
                  "value": 0,
                  "type": "number"
                }
              },
              {
                "type": "get_attr",
                "value": "environment_variables"
              },
              {
                "type": "index",
                "value": {
                  "value": "PORT",
                  "type": "string"
                }
              }
            ],
            [
              {
                "type": "get_attr",
                "value": "container"
              },
              {
                "type": "index",
                "value": {
                  "value": 0,
                  "type": "number"
                }
              },
              {
                "type": "get_attr",
                "value": "secure_environment_variables"
              }
            ]
          ],
          "identity_schema_version": 0,
          "private": "eyJlMmJmYjczMC1lY2FhLTExZTYtOGY4OC0zNDM2M2JjN2M0YzAiOnsiY3JlYXRlIjozNjAwMDAwMDAwMDAwLCJkZWxldGUiOjE4MDAwMDAwMDAwMDAsInJlYWQiOjMwMDAwMDAwMDAwMCwidXBkYXRlIjoxODAwMDAwMDAwMDAwfX0=",
          "dependencies": [
            "azurerm_key_vault.vault",
            "azurerm_resource_group.rg",
            "data.azurerm_client_config.current",
            "data.azurerm_key_vault_secret.gin_mode",
            "data.azurerm_key_vault_secret.jwt_secret",
            "data.azurerm_key_vault_secret.pgdatabase",
            "data.azurerm_key_vault_secret.pghost",
            "data.azurerm_key_vault_secret.pgpassword",
            "data.azurerm_key_vault_secret.pgport",
            "data.azurerm_key_vault_secret.pgsslmode",
            "data.azurerm_key_vault_secret.pguser",
            "data.azurerm_key_vault_secret.port"
          ]
        }
      ]
    },
    {
      "mode": "managed",
      "type": "azurerm_key_vault",
      "name": "vault",
      "provider": "provider[\"registry.terraform.io/hashicorp/azurerm\"]",
      "instances": [
        {
          "schema_version": 2,
          "attributes": {
            "access_policy": [
              {
                "application_id": "",
                "certificate_permissions": [],
                "key_permissions": [],
                "object_id": "cf32f17a-26a5-4601-a61d-e01ee4bcd70b",
                "secret_permissions": [
                  "Get",
                  "List",
                  "Set"
                ],
                "storage_permissions": [],
                "tenant_id": "a708d9d5-4f00-4032-9da5-d7bff5757645"
              }
            ],
            "contact": [],
            "enable_rbac_authorization": false,
            "enabled_for_deployment": true,
            "enabled_for_disk_encryption": true,
            "enabled_for_template_deployment": true,
            "id": "/subscriptions/74189a5a-94c3-419f-a1ac-6d68bf809d73/resourceGroups/MonGroupeRessources/providers/Microsoft.KeyVault/vaults/pec2-kv",
            "location": "francecentral",
            "name": "pec2-kv",
            "network_acls": [
              {
                "bypass": "AzureServices",
                "default_action": "Allow",
                "ip_rules": [],
                "virtual_network_subnet_ids": []
              }
            ],
            "public_network_access_enabled": true,
            "purge_protection_enabled": false,
            "resource_group_name": "MonGroupeRessources",
            "sku_name": "standard",
            "soft_delete_retention_days": 90,
            "tags": {},
            "tenant_id": "a708d9d5-4f00-4032-9da5-d7bff5757645",
            "timeouts": null,
            "vault_uri": "https://pec2-kv.vault.azure.net/"
          },
          "sensitive_attributes": [],
          "identity_schema_version": 0,
          "private": "eyJlMmJmYjczMC1lY2FhLTExZTYtOGY4OC0zNDM2M2JjN2M0YzAiOnsiY3JlYXRlIjoxODAwMDAwMDAwMDAwLCJkZWxldGUiOjE4MDAwMDAwMDAwMDAsInJlYWQiOjMwMDAwMDAwMDAwMCwidXBkYXRlIjoxODAwMDAwMDAwMDAwfSwic2NoZW1hX3ZlcnNpb24iOiIyIn0=",
          "dependencies": [
            "azurerm_resource_group.rg",
            "data.azurerm_client_config.current"
          ]
        }
      ]
    },
    {
      "mode": "managed",
      "type": "azurerm_postgresql_flexible_server",
      "name": "db",
      "provider": "provider[\"registry.terraform.io/hashicorp/azurerm\"]",
      "instances": [
        {
          "schema_version": 0,
          "attributes": {
            "administrator_login": "Berki",
            "administrator_password": "PEC!eemi2025",
            "authentication": [
              {
                "active_directory_auth_enabled": false,
                "password_auth_enabled": true,
                "tenant_id": ""
              }
            ],
            "auto_grow_enabled": false,
            "backup_retention_days": 7,
            "create_mode": null,
            "customer_managed_key": [],
            "delegated_subnet_id": "",
            "fqdn": "pec-2.postgres.database.azure.com",
            "geo_redundant_backup_enabled": false,
            "high_availability": [],
            "id": "/subscriptions/74189a5a-94c3-419f-a1ac-6d68bf809d73/resourceGroups/pec2/providers/Microsoft.DBforPostgreSQL/flexibleServers/pec-2",
            "identity": [],
            "location": "francecentral",
            "maintenance_window": [],
            "name": "pec-2",
            "point_in_time_restore_time_in_utc": null,
            "private_dns_zone_id": "",
            "public_network_access_enabled": true,
            "replication_role": "",
            "resource_group_name": "pec2",
            "sku_name": "B_Standard_B1ms",
            "source_server_id": null,
            "storage_mb": 32768,
            "storage_tier": "P4",
            "tags": {},
            "timeouts": null,
            "version": "13",
            "zone": "1"
          },
          "sensitive_attributes": [
            [
              {
                "type": "get_attr",
                "value": "administrator_password"
              }
            ]
          ],
          "identity_schema_version": 0,
          "private": "eyJlMmJmYjczMC1lY2FhLTExZTYtOGY4OC0zNDM2M2JjN2M0YzAiOnsiY3JlYXRlIjozNjAwMDAwMDAwMDAwLCJkZWxldGUiOjM2MDAwMDAwMDAwMDAsInJlYWQiOjMwMDAwMDAwMDAwMCwidXBkYXRlIjozNjAwMDAwMDAwMDAwfX0="
        }
      ]
    },
    {
      "mode": "managed",
      "type": "azurerm_resource_group",
      "name": "rg",
      "provider": "provider[\"registry.terraform.io/hashicorp/azurerm\"]",
      "instances": [
        {
          "schema_version": 0,
          "attributes": {
            "id": "/subscriptions/74189a5a-94c3-419f-a1ac-6d68bf809d73/resourceGroups/MonGroupeRessources",
            "location": "francecentral",
            "managed_by": "",
            "name": "MonGroupeRessources",
            "tags": {},
            "timeouts": null
          },
          "sensitive_attributes": [],
          "identity_schema_version": 0,
          "private": "eyJlMmJmYjczMC1lY2FhLTExZTYtOGY4OC0zNDM2M2JjN2M0YzAiOnsiY3JlYXRlIjo1NDAwMDAwMDAwMDAwLCJkZWxldGUiOjU0MDAwMDAwMDAwMDAsInJlYWQiOjMwMDAwMDAwMDAwMCwidXBkYXRlIjo1NDAwMDAwMDAwMDAwfSwic2NoZW1hX3ZlcnNpb24iOiIwIn0="
        }
      ]
    }
  ],
  "check_results": null
}
